// !$*UTF8*$!
{
	archiveVersion = 1;
	classes = {
	};
	objectVersion = 55;
	objects = {

/* Begin PBXBuildFile section */
		A12229D6801A1F458CEC62ED /* Pods_FlixsterTests.framework in Frameworks */ = {isa = PBXBuildFile; fileRef = 2573E49A26D721B3B8D239BA /* Pods_FlixsterTests.framework */; };
		F512C40AB74933AA619A2A4A /* Pods_Flixster.framework in Frameworks */ = {isa = PBXBuildFile; fileRef = C44E77A336A2DAE231D8C9E2 /* Pods_Flixster.framework */; };
		F684E22927C9D544004C7A12 /* AppDelegate.swift in Sources */ = {isa = PBXBuildFile; fileRef = F684E22827C9D544004C7A12 /* AppDelegate.swift */; };
		F684E22B27C9D544004C7A12 /* SceneDelegate.swift in Sources */ = {isa = PBXBuildFile; fileRef = F684E22A27C9D544004C7A12 /* SceneDelegate.swift */; };
		F684E22D27C9D544004C7A12 /* ViewController.swift in Sources */ = {isa = PBXBuildFile; fileRef = F684E22C27C9D544004C7A12 /* ViewController.swift */; };
		F684E23027C9D544004C7A12 /* Main.storyboard in Resources */ = {isa = PBXBuildFile; fileRef = F684E22E27C9D544004C7A12 /* Main.storyboard */; };
		F684E23227C9D546004C7A12 /* Assets.xcassets in Resources */ = {isa = PBXBuildFile; fileRef = F684E23127C9D546004C7A12 /* Assets.xcassets */; };
		F684E23527C9D546004C7A12 /* LaunchScreen.storyboard in Resources */ = {isa = PBXBuildFile; fileRef = F684E23327C9D546004C7A12 /* LaunchScreen.storyboard */; };
		F684E24027C9D546004C7A12 /* flixsterTests.swift in Sources */ = {isa = PBXBuildFile; fileRef = F684E23F27C9D546004C7A12 /* flixsterTests.swift */; };
		F684E24A27C9D546004C7A12 /* flixsterUITests.swift in Sources */ = {isa = PBXBuildFile; fileRef = F684E24927C9D546004C7A12 /* flixsterUITests.swift */; };
		F684E24C27C9D546004C7A12 /* flixsterUITestsLaunchTests.swift in Sources */ = {isa = PBXBuildFile; fileRef = F684E24B27C9D546004C7A12 /* flixsterUITestsLaunchTests.swift */; };
		F684E25B27C9EA8D004C7A12 /* MovieCell.swift in Sources */ = {isa = PBXBuildFile; fileRef = F684E25A27C9EA8D004C7A12 /* MovieCell.swift */; };
		F684E25E27C9EE82004C7A12 /* AlamofireImage in Frameworks */ = {isa = PBXBuildFile; productRef = F684E25D27C9EE82004C7A12 /* AlamofireImage */; };
		FEFB01D0A6769F76469F6DD0 /* Pods_Flixster_FlixsterUITests.framework in Frameworks */ = {isa = PBXBuildFile; fileRef = D6C6192BE51250D04DD30068 /* Pods_Flixster_FlixsterUITests.framework */; };
/* End PBXBuildFile section */

/* Begin PBXContainerItemProxy section */
		F684E23C27C9D546004C7A12 /* PBXContainerItemProxy */ = {
			isa = PBXContainerItemProxy;
			containerPortal = F684E21D27C9D543004C7A12 /* Project object */;
			proxyType = 1;
			remoteGlobalIDString = F684E22427C9D543004C7A12;
			remoteInfo = flixster;
		};
		F684E24627C9D546004C7A12 /* PBXContainerItemProxy */ = {
			isa = PBXContainerItemProxy;
			containerPortal = F684E21D27C9D543004C7A12 /* Project object */;
			proxyType = 1;
			remoteGlobalIDString = F684E22427C9D543004C7A12;
			remoteInfo = flixster;
		};
/* End PBXContainerItemProxy section */

/* Begin PBXFileReference section */
		190955B34742FE8C03199AAD /* Pods-Flixster.release.xcconfig */ = {isa = PBXFileReference; includeInIndex = 1; lastKnownFileType = text.xcconfig; name = "Pods-Flixster.release.xcconfig"; path = "Target Support Files/Pods-Flixster/Pods-Flixster.release.xcconfig"; sourceTree = "<group>"; };
		2573E49A26D721B3B8D239BA /* Pods_FlixsterTests.framework */ = {isa = PBXFileReference; explicitFileType = wrapper.framework; includeInIndex = 0; path = Pods_FlixsterTests.framework; sourceTree = BUILT_PRODUCTS_DIR; };
		2FFF24992DF1E76F34825B83 /* Pods-Flixster.debug.xcconfig */ = {isa = PBXFileReference; includeInIndex = 1; lastKnownFileType = text.xcconfig; name = "Pods-Flixster.debug.xcconfig"; path = "Target Support Files/Pods-Flixster/Pods-Flixster.debug.xcconfig"; sourceTree = "<group>"; };
		832E51A5E6B6B062538B9C0D /* Pods-Flixster-FlixsterUITests.debug.xcconfig */ = {isa = PBXFileReference; includeInIndex = 1; lastKnownFileType = text.xcconfig; name = "Pods-Flixster-FlixsterUITests.debug.xcconfig"; path = "Target Support Files/Pods-Flixster-FlixsterUITests/Pods-Flixster-FlixsterUITests.debug.xcconfig"; sourceTree = "<group>"; };
		B718FD23364133B600E57D61 /* Pods-Flixster-FlixsterUITests.release.xcconfig */ = {isa = PBXFileReference; includeInIndex = 1; lastKnownFileType = text.xcconfig; name = "Pods-Flixster-FlixsterUITests.release.xcconfig"; path = "Target Support Files/Pods-Flixster-FlixsterUITests/Pods-Flixster-FlixsterUITests.release.xcconfig"; sourceTree = "<group>"; };
		C44E77A336A2DAE231D8C9E2 /* Pods_Flixster.framework */ = {isa = PBXFileReference; explicitFileType = wrapper.framework; includeInIndex = 0; path = Pods_Flixster.framework; sourceTree = BUILT_PRODUCTS_DIR; };
		D6C6192BE51250D04DD30068 /* Pods_Flixster_FlixsterUITests.framework */ = {isa = PBXFileReference; explicitFileType = wrapper.framework; includeInIndex = 0; path = Pods_Flixster_FlixsterUITests.framework; sourceTree = BUILT_PRODUCTS_DIR; };
		DBB6B0EEEAAF156EDE702151 /* Pods-FlixsterTests.debug.xcconfig */ = {isa = PBXFileReference; includeInIndex = 1; lastKnownFileType = text.xcconfig; name = "Pods-FlixsterTests.debug.xcconfig"; path = "Target Support Files/Pods-FlixsterTests/Pods-FlixsterTests.debug.xcconfig"; sourceTree = "<group>"; };
		E9DF94BEC56E8ABF5D980CC3 /* Pods-FlixsterTests.release.xcconfig */ = {isa = PBXFileReference; includeInIndex = 1; lastKnownFileType = text.xcconfig; name = "Pods-FlixsterTests.release.xcconfig"; path = "Target Support Files/Pods-FlixsterTests/Pods-FlixsterTests.release.xcconfig"; sourceTree = "<group>"; };
		F684E22527C9D543004C7A12 /* Flixster.app */ = {isa = PBXFileReference; explicitFileType = wrapper.application; includeInIndex = 0; path = Flixster.app; sourceTree = BUILT_PRODUCTS_DIR; };
		F684E22827C9D544004C7A12 /* AppDelegate.swift */ = {isa = PBXFileReference; lastKnownFileType = sourcecode.swift; path = AppDelegate.swift; sourceTree = "<group>"; };
		F684E22A27C9D544004C7A12 /* SceneDelegate.swift */ = {isa = PBXFileReference; lastKnownFileType = sourcecode.swift; path = SceneDelegate.swift; sourceTree = "<group>"; };
		F684E22C27C9D544004C7A12 /* ViewController.swift */ = {isa = PBXFileReference; lastKnownFileType = sourcecode.swift; path = ViewController.swift; sourceTree = "<group>"; };
		F684E22F27C9D544004C7A12 /* Base */ = {isa = PBXFileReference; lastKnownFileType = file.storyboard; name = Base; path = Base.lproj/Main.storyboard; sourceTree = "<group>"; };
		F684E23127C9D546004C7A12 /* Assets.xcassets */ = {isa = PBXFileReference; lastKnownFileType = folder.assetcatalog; path = Assets.xcassets; sourceTree = "<group>"; };
		F684E23427C9D546004C7A12 /* Base */ = {isa = PBXFileReference; lastKnownFileType = file.storyboard; name = Base; path = Base.lproj/LaunchScreen.storyboard; sourceTree = "<group>"; };
		F684E23627C9D546004C7A12 /* Info.plist */ = {isa = PBXFileReference; lastKnownFileType = text.plist.xml; path = Info.plist; sourceTree = "<group>"; };
		F684E23B27C9D546004C7A12 /* FlixsterTests.xctest */ = {isa = PBXFileReference; explicitFileType = wrapper.cfbundle; includeInIndex = 0; path = FlixsterTests.xctest; sourceTree = BUILT_PRODUCTS_DIR; };
		F684E23F27C9D546004C7A12 /* flixsterTests.swift */ = {isa = PBXFileReference; lastKnownFileType = sourcecode.swift; path = flixsterTests.swift; sourceTree = "<group>"; };
		F684E24527C9D546004C7A12 /* FlixsterUITests.xctest */ = {isa = PBXFileReference; explicitFileType = wrapper.cfbundle; includeInIndex = 0; path = FlixsterUITests.xctest; sourceTree = BUILT_PRODUCTS_DIR; };
		F684E24927C9D546004C7A12 /* flixsterUITests.swift */ = {isa = PBXFileReference; lastKnownFileType = sourcecode.swift; path = flixsterUITests.swift; sourceTree = "<group>"; };
		F684E24B27C9D546004C7A12 /* flixsterUITestsLaunchTests.swift */ = {isa = PBXFileReference; lastKnownFileType = sourcecode.swift; path = flixsterUITestsLaunchTests.swift; sourceTree = "<group>"; };
		F684E25A27C9EA8D004C7A12 /* MovieCell.swift */ = {isa = PBXFileReference; lastKnownFileType = sourcecode.swift; path = MovieCell.swift; sourceTree = "<group>"; };
/* End PBXFileReference section */

/* Begin PBXFrameworksBuildPhase section */
		F684E22227C9D543004C7A12 /* Frameworks */ = {
			isa = PBXFrameworksBuildPhase;
			buildActionMask = 2147483647;
			files = (
				F684E25E27C9EE82004C7A12 /* AlamofireImage in Frameworks */,
				F512C40AB74933AA619A2A4A /* Pods_Flixster.framework in Frameworks */,
			);
			runOnlyForDeploymentPostprocessing = 0;
		};
		F684E23827C9D546004C7A12 /* Frameworks */ = {
			isa = PBXFrameworksBuildPhase;
			buildActionMask = 2147483647;
			files = (
				A12229D6801A1F458CEC62ED /* Pods_FlixsterTests.framework in Frameworks */,
			);
			runOnlyForDeploymentPostprocessing = 0;
		};
		F684E24227C9D546004C7A12 /* Frameworks */ = {
			isa = PBXFrameworksBuildPhase;
			buildActionMask = 2147483647;
			files = (
				FEFB01D0A6769F76469F6DD0 /* Pods_Flixster_FlixsterUITests.framework in Frameworks */,
			);
			runOnlyForDeploymentPostprocessing = 0;
		};
/* End PBXFrameworksBuildPhase section */

/* Begin PBXGroup section */
		15635FB77E62D2ABA633561B /* Frameworks */ = {
			isa = PBXGroup;
			children = (
				C44E77A336A2DAE231D8C9E2 /* Pods_Flixster.framework */,
				D6C6192BE51250D04DD30068 /* Pods_Flixster_FlixsterUITests.framework */,
				2573E49A26D721B3B8D239BA /* Pods_FlixsterTests.framework */,
			);
			name = Frameworks;
			sourceTree = "<group>";
		};
		8F170E0B17BE4D0B65100B16 /* Pods */ = {
			isa = PBXGroup;
			children = (
				2FFF24992DF1E76F34825B83 /* Pods-Flixster.debug.xcconfig */,
				190955B34742FE8C03199AAD /* Pods-Flixster.release.xcconfig */,
				832E51A5E6B6B062538B9C0D /* Pods-Flixster-FlixsterUITests.debug.xcconfig */,
				B718FD23364133B600E57D61 /* Pods-Flixster-FlixsterUITests.release.xcconfig */,
				DBB6B0EEEAAF156EDE702151 /* Pods-FlixsterTests.debug.xcconfig */,
				E9DF94BEC56E8ABF5D980CC3 /* Pods-FlixsterTests.release.xcconfig */,
			);
			path = Pods;
			sourceTree = "<group>";
		};
		F684E21C27C9D543004C7A12 = {
			isa = PBXGroup;
			children = (
				F684E22727C9D543004C7A12 /* Flixster */,
				F684E23E27C9D546004C7A12 /* flixsterTests */,
				F684E24827C9D546004C7A12 /* flixsterUITests */,
				F684E22627C9D543004C7A12 /* Products */,
				8F170E0B17BE4D0B65100B16 /* Pods */,
				15635FB77E62D2ABA633561B /* Frameworks */,
			);
			sourceTree = "<group>";
		};
		F684E22627C9D543004C7A12 /* Products */ = {
			isa = PBXGroup;
			children = (
				F684E22527C9D543004C7A12 /* Flixster.app */,
				F684E23B27C9D546004C7A12 /* FlixsterTests.xctest */,
				F684E24527C9D546004C7A12 /* FlixsterUITests.xctest */,
			);
			name = Products;
			sourceTree = "<group>";
		};
		F684E22727C9D543004C7A12 /* Flixster */ = {
			isa = PBXGroup;
			children = (
				F684E22827C9D544004C7A12 /* AppDelegate.swift */,
				F684E22A27C9D544004C7A12 /* SceneDelegate.swift */,
				F684E22C27C9D544004C7A12 /* ViewController.swift */,
				F684E22E27C9D544004C7A12 /* Main.storyboard */,
				F684E25A27C9EA8D004C7A12 /* MovieCell.swift */,
				F684E23127C9D546004C7A12 /* Assets.xcassets */,
				F684E23327C9D546004C7A12 /* LaunchScreen.storyboard */,
				F684E23627C9D546004C7A12 /* Info.plist */,
			);
			path = Flixster;
			sourceTree = "<group>";
		};
		F684E23E27C9D546004C7A12 /* flixsterTests */ = {
			isa = PBXGroup;
			children = (
				F684E23F27C9D546004C7A12 /* flixsterTests.swift */,
			);
			path = flixsterTests;
			sourceTree = "<group>";
		};
		F684E24827C9D546004C7A12 /* flixsterUITests */ = {
			isa = PBXGroup;
			children = (
				F684E24927C9D546004C7A12 /* flixsterUITests.swift */,
				F684E24B27C9D546004C7A12 /* flixsterUITestsLaunchTests.swift */,
			);
			path = flixsterUITests;
			sourceTree = "<group>";
		};
/* End PBXGroup section */

/* Begin PBXNativeTarget section */
		F684E22427C9D543004C7A12 /* Flixster */ = {
			isa = PBXNativeTarget;
			buildConfigurationList = F684E24F27C9D546004C7A12 /* Build configuration list for PBXNativeTarget "Flixster" */;
			buildPhases = (
				E8CCCE345D904E35E131ED93 /* [CP] Check Pods Manifest.lock */,
				F684E22127C9D543004C7A12 /* Sources */,
				F684E22227C9D543004C7A12 /* Frameworks */,
				F684E22327C9D543004C7A12 /* Resources */,
				F9A9C2200EFDA069ECDADC06 /* [CP] Embed Pods Frameworks */,
			);
			buildRules = (
			);
			dependencies = (
			);
			name = Flixster;
			packageProductDependencies = (
				F684E25D27C9EE82004C7A12 /* AlamofireImage */,
			);
			productName = flixster;
			productReference = F684E22527C9D543004C7A12 /* Flixster.app */;
			productType = "com.apple.product-type.application";
		};
		F684E23A27C9D546004C7A12 /* FlixsterTests */ = {
			isa = PBXNativeTarget;
			buildConfigurationList = F684E25227C9D546004C7A12 /* Build configuration list for PBXNativeTarget "FlixsterTests" */;
			buildPhases = (
				EFED32555C9F58E0CD81F5F4 /* [CP] Check Pods Manifest.lock */,
				F684E23727C9D546004C7A12 /* Sources */,
				F684E23827C9D546004C7A12 /* Frameworks */,
				F684E23927C9D546004C7A12 /* Resources */,
			);
			buildRules = (
			);
			dependencies = (
				F684E23D27C9D546004C7A12 /* PBXTargetDependency */,
			);
			name = FlixsterTests;
			productName = flixsterTests;
			productReference = F684E23B27C9D546004C7A12 /* FlixsterTests.xctest */;
			productType = "com.apple.product-type.bundle.unit-test";
		};
		F684E24427C9D546004C7A12 /* FlixsterUITests */ = {
			isa = PBXNativeTarget;
			buildConfigurationList = F684E25527C9D546004C7A12 /* Build configuration list for PBXNativeTarget "FlixsterUITests" */;
			buildPhases = (
				51014057A7F4FC6FE013A083 /* [CP] Check Pods Manifest.lock */,
				F684E24127C9D546004C7A12 /* Sources */,
				F684E24227C9D546004C7A12 /* Frameworks */,
				F684E24327C9D546004C7A12 /* Resources */,
				478E47AE914EE1E31113FDDF /* [CP] Embed Pods Frameworks */,
			);
			buildRules = (
			);
			dependencies = (
				F684E24727C9D546004C7A12 /* PBXTargetDependency */,
			);
			name = FlixsterUITests;
			productName = flixsterUITests;
			productReference = F684E24527C9D546004C7A12 /* FlixsterUITests.xctest */;
			productType = "com.apple.product-type.bundle.ui-testing";
		};
/* End PBXNativeTarget section */

/* Begin PBXProject section */
		F684E21D27C9D543004C7A12 /* Project object */ = {
			isa = PBXProject;
			attributes = {
				BuildIndependentTargetsInParallel = 1;
				LastSwiftUpdateCheck = 1320;
				LastUpgradeCheck = 1320;
				TargetAttributes = {
					F684E22427C9D543004C7A12 = {
						CreatedOnToolsVersion = 13.2.1;
					};
					F684E23A27C9D546004C7A12 = {
						CreatedOnToolsVersion = 13.2.1;
						TestTargetID = F684E22427C9D543004C7A12;
					};
					F684E24427C9D546004C7A12 = {
						CreatedOnToolsVersion = 13.2.1;
						TestTargetID = F684E22427C9D543004C7A12;
					};
				};
			};
			buildConfigurationList = F684E22027C9D543004C7A12 /* Build configuration list for PBXProject "Flixster" */;
			compatibilityVersion = "Xcode 13.0";
			developmentRegion = en;
			hasScannedForEncodings = 0;
			knownRegions = (
				en,
				Base,
			);
			mainGroup = F684E21C27C9D543004C7A12;
			packageReferences = (
				F684E25C27C9EE82004C7A12 /* XCRemoteSwiftPackageReference "AlamofireImage" */,
			);
			productRefGroup = F684E22627C9D543004C7A12 /* Products */;
			projectDirPath = "";
			projectRoot = "";
			targets = (
				F684E22427C9D543004C7A12 /* Flixster */,
				F684E23A27C9D546004C7A12 /* FlixsterTests */,
				F684E24427C9D546004C7A12 /* FlixsterUITests */,
			);
		};
/* End PBXProject section */

/* Begin PBXResourcesBuildPhase section */
		F684E22327C9D543004C7A12 /* Resources */ = {
			isa = PBXResourcesBuildPhase;
			buildActionMask = 2147483647;
			files = (
				F684E23527C9D546004C7A12 /* LaunchScreen.storyboard in Resources */,
				F684E23227C9D546004C7A12 /* Assets.xcassets in Resources */,
				F684E23027C9D544004C7A12 /* Main.storyboard in Resources */,
			);
			runOnlyForDeploymentPostprocessing = 0;
		};
		F684E23927C9D546004C7A12 /* Resources */ = {
			isa = PBXResourcesBuildPhase;
			buildActionMask = 2147483647;
			files = (
			);
			runOnlyForDeploymentPostprocessing = 0;
		};
		F684E24327C9D546004C7A12 /* Resources */ = {
			isa = PBXResourcesBuildPhase;
			buildActionMask = 2147483647;
			files = (
			);
			runOnlyForDeploymentPostprocessing = 0;
		};
/* End PBXResourcesBuildPhase section */

/* Begin PBXShellScriptBuildPhase section */
		478E47AE914EE1E31113FDDF /* [CP] Embed Pods Frameworks */ = {
			isa = PBXShellScriptBuildPhase;
			buildActionMask = 2147483647;
			files = (
			);
			inputFileListPaths = (
				"${PODS_ROOT}/Target Support Files/Pods-Flixster-FlixsterUITests/Pods-Flixster-FlixsterUITests-frameworks-${CONFIGURATION}-input-files.xcfilelist",
			);
			name = "[CP] Embed Pods Frameworks";
			outputFileListPaths = (
				"${PODS_ROOT}/Target Support Files/Pods-Flixster-FlixsterUITests/Pods-Flixster-FlixsterUITests-frameworks-${CONFIGURATION}-output-files.xcfilelist",
			);
			runOnlyForDeploymentPostprocessing = 0;
			shellPath = /bin/sh;
			shellScript = "\"${PODS_ROOT}/Target Support Files/Pods-Flixster-FlixsterUITests/Pods-Flixster-FlixsterUITests-frameworks.sh\"\n";
			showEnvVarsInLog = 0;
		};
		51014057A7F4FC6FE013A083 /* [CP] Check Pods Manifest.lock */ = {
			isa = PBXShellScriptBuildPhase;
			buildActionMask = 2147483647;
			files = (
			);
			inputFileListPaths = (
			);
			inputPaths = (
				"${PODS_PODFILE_DIR_PATH}/Podfile.lock",
				"${PODS_ROOT}/Manifest.lock",
			);
			name = "[CP] Check Pods Manifest.lock";
			outputFileListPaths = (
			);
			outputPaths = (
				"$(DERIVED_FILE_DIR)/Pods-Flixster-FlixsterUITests-checkManifestLockResult.txt",
			);
			runOnlyForDeploymentPostprocessing = 0;
			shellPath = /bin/sh;
			shellScript = "diff \"${PODS_PODFILE_DIR_PATH}/Podfile.lock\" \"${PODS_ROOT}/Manifest.lock\" > /dev/null\nif [ $? != 0 ] ; then\n    # print error to STDERR\n    echo \"error: The sandbox is not in sync with the Podfile.lock. Run 'pod install' or update your CocoaPods installation.\" >&2\n    exit 1\nfi\n# This output is used by Xcode 'outputs' to avoid re-running this script phase.\necho \"SUCCESS\" > \"${SCRIPT_OUTPUT_FILE_0}\"\n";
			showEnvVarsInLog = 0;
		};
		E8CCCE345D904E35E131ED93 /* [CP] Check Pods Manifest.lock */ = {
			isa = PBXShellScriptBuildPhase;
			buildActionMask = 2147483647;
			files = (
			);
			inputFileListPaths = (
			);
			inputPaths = (
				"${PODS_PODFILE_DIR_PATH}/Podfile.lock",
				"${PODS_ROOT}/Manifest.lock",
			);
			name = "[CP] Check Pods Manifest.lock";
			outputFileListPaths = (
			);
			outputPaths = (
				"$(DERIVED_FILE_DIR)/Pods-Flixster-checkManifestLockResult.txt",
			);
			runOnlyForDeploymentPostprocessing = 0;
			shellPath = /bin/sh;
			shellScript = "diff \"${PODS_PODFILE_DIR_PATH}/Podfile.lock\" \"${PODS_ROOT}/Manifest.lock\" > /dev/null\nif [ $? != 0 ] ; then\n    # print error to STDERR\n    echo \"error: The sandbox is not in sync with the Podfile.lock. Run 'pod install' or update your CocoaPods installation.\" >&2\n    exit 1\nfi\n# This output is used by Xcode 'outputs' to avoid re-running this script phase.\necho \"SUCCESS\" > \"${SCRIPT_OUTPUT_FILE_0}\"\n";
			showEnvVarsInLog = 0;
		};
		EFED32555C9F58E0CD81F5F4 /* [CP] Check Pods Manifest.lock */ = {
			isa = PBXShellScriptBuildPhase;
			buildActionMask = 2147483647;
			files = (
			);
			inputFileListPaths = (
			);
			inputPaths = (
				"${PODS_PODFILE_DIR_PATH}/Podfile.lock",
				"${PODS_ROOT}/Manifest.lock",
			);
			name = "[CP] Check Pods Manifest.lock";
			outputFileListPaths = (
			);
			outputPaths = (
				"$(DERIVED_FILE_DIR)/Pods-FlixsterTests-checkManifestLockResult.txt",
			);
			runOnlyForDeploymentPostprocessing = 0;
			shellPath = /bin/sh;
			shellScript = "diff \"${PODS_PODFILE_DIR_PATH}/Podfile.lock\" \"${PODS_ROOT}/Manifest.lock\" > /dev/null\nif [ $? != 0 ] ; then\n    # print error to STDERR\n    echo \"error: The sandbox is not in sync with the Podfile.lock. Run 'pod install' or update your CocoaPods installation.\" >&2\n    exit 1\nfi\n# This output is used by Xcode 'outputs' to avoid re-running this script phase.\necho \"SUCCESS\" > \"${SCRIPT_OUTPUT_FILE_0}\"\n";
			showEnvVarsInLog = 0;
		};
		F9A9C2200EFDA069ECDADC06 /* [CP] Embed Pods Frameworks */ = {
			isa = PBXShellScriptBuildPhase;
			buildActionMask = 2147483647;
			files = (
			);
			inputFileListPaths = (
				"${PODS_ROOT}/Target Support Files/Pods-Flixster/Pods-Flixster-frameworks-${CONFIGURATION}-input-files.xcfilelist",
			);
			name = "[CP] Embed Pods Frameworks";
			outputFileListPaths = (
				"${PODS_ROOT}/Target Support Files/Pods-Flixster/Pods-Flixster-frameworks-${CONFIGURATION}-output-files.xcfilelist",
			);
			runOnlyForDeploymentPostprocessing = 0;
			shellPath = /bin/sh;
			shellScript = "\"${PODS_ROOT}/Target Support Files/Pods-Flixster/Pods-Flixster-frameworks.sh\"\n";
			showEnvVarsInLog = 0;
		};
/* End PBXShellScriptBuildPhase section */

/* Begin PBXSourcesBuildPhase section */
		F684E22127C9D543004C7A12 /* Sources */ = {
			isa = PBXSourcesBuildPhase;
			buildActionMask = 2147483647;
			files = (
				F684E22D27C9D544004C7A12 /* ViewController.swift in Sources */,
				F684E22927C9D544004C7A12 /* AppDelegate.swift in Sources */,
				F684E25B27C9EA8D004C7A12 /* MovieCell.swift in Sources */,
				F684E22B27C9D544004C7A12 /* SceneDelegate.swift in Sources */,
			);
			runOnlyForDeploymentPostprocessing = 0;
		};
		F684E23727C9D546004C7A12 /* Sources */ = {
			isa = PBXSourcesBuildPhase;
			buildActionMask = 2147483647;
			files = (
				F684E24027C9D546004C7A12 /* flixsterTests.swift in Sources */,
			);
			runOnlyForDeploymentPostprocessing = 0;
		};
		F684E24127C9D546004C7A12 /* Sources */ = {
			isa = PBXSourcesBuildPhase;
			buildActionMask = 2147483647;
			files = (
				F684E24C27C9D546004C7A12 /* flixsterUITestsLaunchTests.swift in Sources */,
				F684E24A27C9D546004C7A12 /* flixsterUITests.swift in Sources */,
			);
			runOnlyForDeploymentPostprocessing = 0;
		};
/* End PBXSourcesBuildPhase section */

/* Begin PBXTargetDependency section */
		F684E23D27C9D546004C7A12 /* PBXTargetDependency */ = {
			isa = PBXTargetDependency;
			target = F684E22427C9D543004C7A12 /* Flixster */;
			targetProxy = F684E23C27C9D546004C7A12 /* PBXContainerItemProxy */;
		};
		F684E24727C9D546004C7A12 /* PBXTargetDependency */ = {
			isa = PBXTargetDependency;
			target = F684E22427C9D543004C7A12 /* Flixster */;
			targetProxy = F684E24627C9D546004C7A12 /* PBXContainerItemProxy */;
		};
/* End PBXTargetDependency section */

/* Begin PBXVariantGroup section */
		F684E22E27C9D544004C7A12 /* Main.storyboard */ = {
			isa = PBXVariantGroup;
			children = (
				F684E22F27C9D544004C7A12 /* Base */,
			);
			name = Main.storyboard;
			sourceTree = "<group>";
		};
		F684E23327C9D546004C7A12 /* LaunchScreen.storyboard */ = {
			isa = PBXVariantGroup;
			children = (
				F684E23427C9D546004C7A12 /* Base */,
			);
			name = LaunchScreen.storyboard;
			sourceTree = "<group>";
		};
/* End PBXVariantGroup section */

/* Begin XCBuildConfiguration section */
		F684E24D27C9D546004C7A12 /* Debug */ = {
			isa = XCBuildConfiguration;
			buildSettings = {
				ALWAYS_SEARCH_USER_PATHS = NO;
				CLANG_ANALYZER_NONNULL = YES;
				CLANG_ANALYZER_NUMBER_OBJECT_CONVERSION = YES_AGGRESSIVE;
				CLANG_CXX_LANGUAGE_STANDARD = "gnu++17";
				CLANG_CXX_LIBRARY = "libc++";
				CLANG_ENABLE_MODULES = YES;
				CLANG_ENABLE_OBJC_ARC = YES;
				CLANG_ENABLE_OBJC_WEAK = YES;
				CLANG_WARN_BLOCK_CAPTURE_AUTORELEASING = YES;
				CLANG_WARN_BOOL_CONVERSION = YES;
				CLANG_WARN_COMMA = YES;
				CLANG_WARN_CONSTANT_CONVERSION = YES;
				CLANG_WARN_DEPRECATED_OBJC_IMPLEMENTATIONS = YES;
				CLANG_WARN_DIRECT_OBJC_ISA_USAGE = YES_ERROR;
				CLANG_WARN_DOCUMENTATION_COMMENTS = YES;
				CLANG_WARN_EMPTY_BODY = YES;
				CLANG_WARN_ENUM_CONVERSION = YES;
				CLANG_WARN_INFINITE_RECURSION = YES;
				CLANG_WARN_INT_CONVERSION = YES;
				CLANG_WARN_NON_LITERAL_NULL_CONVERSION = YES;
				CLANG_WARN_OBJC_IMPLICIT_RETAIN_SELF = YES;
				CLANG_WARN_OBJC_LITERAL_CONVERSION = YES;
				CLANG_WARN_OBJC_ROOT_CLASS = YES_ERROR;
				CLANG_WARN_QUOTED_INCLUDE_IN_FRAMEWORK_HEADER = YES;
				CLANG_WARN_RANGE_LOOP_ANALYSIS = YES;
				CLANG_WARN_STRICT_PROTOTYPES = YES;
				CLANG_WARN_SUSPICIOUS_MOVE = YES;
				CLANG_WARN_UNGUARDED_AVAILABILITY = YES_AGGRESSIVE;
				CLANG_WARN_UNREACHABLE_CODE = YES;
				CLANG_WARN__DUPLICATE_METHOD_MATCH = YES;
				COPY_PHASE_STRIP = NO;
				DEBUG_INFORMATION_FORMAT = dwarf;
				ENABLE_STRICT_OBJC_MSGSEND = YES;
				ENABLE_TESTABILITY = YES;
				GCC_C_LANGUAGE_STANDARD = gnu11;
				GCC_DYNAMIC_NO_PIC = NO;
				GCC_NO_COMMON_BLOCKS = YES;
				GCC_OPTIMIZATION_LEVEL = 0;
				GCC_PREPROCESSOR_DEFINITIONS = (
					"DEBUG=1",
					"$(inherited)",
				);
				GCC_WARN_64_TO_32_BIT_CONVERSION = YES;
				GCC_WARN_ABOUT_RETURN_TYPE = YES_ERROR;
				GCC_WARN_UNDECLARED_SELECTOR = YES;
				GCC_WARN_UNINITIALIZED_AUTOS = YES_AGGRESSIVE;
				GCC_WARN_UNUSED_FUNCTION = YES;
				GCC_WARN_UNUSED_VARIABLE = YES;
				IPHONEOS_DEPLOYMENT_TARGET = 15.2;
				MTL_ENABLE_DEBUG_INFO = INCLUDE_SOURCE;
				MTL_FAST_MATH = YES;
				ONLY_ACTIVE_ARCH = YES;
				SDKROOT = iphoneos;
				SWIFT_ACTIVE_COMPILATION_CONDITIONS = DEBUG;
				SWIFT_OPTIMIZATION_LEVEL = "-Onone";
			};
			name = Debug;
		};
		F684E24E27C9D546004C7A12 /* Release */ = {
			isa = XCBuildConfiguration;
			buildSettings = {
				ALWAYS_SEARCH_USER_PATHS = NO;
				CLANG_ANALYZER_NONNULL = YES;
				CLANG_ANALYZER_NUMBER_OBJECT_CONVERSION = YES_AGGRESSIVE;
				CLANG_CXX_LANGUAGE_STANDARD = "gnu++17";
				CLANG_CXX_LIBRARY = "libc++";
				CLANG_ENABLE_MODULES = YES;
				CLANG_ENABLE_OBJC_ARC = YES;
				CLANG_ENABLE_OBJC_WEAK = YES;
				CLANG_WARN_BLOCK_CAPTURE_AUTORELEASING = YES;
				CLANG_WARN_BOOL_CONVERSION = YES;
				CLANG_WARN_COMMA = YES;
				CLANG_WARN_CONSTANT_CONVERSION = YES;
				CLANG_WARN_DEPRECATED_OBJC_IMPLEMENTATIONS = YES;
				CLANG_WARN_DIRECT_OBJC_ISA_USAGE = YES_ERROR;
				CLANG_WARN_DOCUMENTATION_COMMENTS = YES;
				CLANG_WARN_EMPTY_BODY = YES;
				CLANG_WARN_ENUM_CONVERSION = YES;
				CLANG_WARN_INFINITE_RECURSION = YES;
				CLANG_WARN_INT_CONVERSION = YES;
				CLANG_WARN_NON_LITERAL_NULL_CONVERSION = YES;
				CLANG_WARN_OBJC_IMPLICIT_RETAIN_SELF = YES;
				CLANG_WARN_OBJC_LITERAL_CONVERSION = YES;
				CLANG_WARN_OBJC_ROOT_CLASS = YES_ERROR;
				CLANG_WARN_QUOTED_INCLUDE_IN_FRAMEWORK_HEADER = YES;
				CLANG_WARN_RANGE_LOOP_ANALYSIS = YES;
				CLANG_WARN_STRICT_PROTOTYPES = YES;
				CLANG_WARN_SUSPICIOUS_MOVE = YES;
				CLANG_WARN_UNGUARDED_AVAILABILITY = YES_AGGRESSIVE;
				CLANG_WARN_UNREACHABLE_CODE = YES;
				CLANG_WARN__DUPLICATE_METHOD_MATCH = YES;
				COPY_PHASE_STRIP = NO;
				DEBUG_INFORMATION_FORMAT = "dwarf-with-dsym";
				ENABLE_NS_ASSERTIONS = NO;
				ENABLE_STRICT_OBJC_MSGSEND = YES;
				GCC_C_LANGUAGE_STANDARD = gnu11;
				GCC_NO_COMMON_BLOCKS = YES;
				GCC_WARN_64_TO_32_BIT_CONVERSION = YES;
				GCC_WARN_ABOUT_RETURN_TYPE = YES_ERROR;
				GCC_WARN_UNDECLARED_SELECTOR = YES;
				GCC_WARN_UNINITIALIZED_AUTOS = YES_AGGRESSIVE;
				GCC_WARN_UNUSED_FUNCTION = YES;
				GCC_WARN_UNUSED_VARIABLE = YES;
				IPHONEOS_DEPLOYMENT_TARGET = 15.2;
				MTL_ENABLE_DEBUG_INFO = NO;
				MTL_FAST_MATH = YES;
				SDKROOT = iphoneos;
				SWIFT_COMPILATION_MODE = wholemodule;
				SWIFT_OPTIMIZATION_LEVEL = "-O";
				VALIDATE_PRODUCT = YES;
			};
			name = Release;
		};
		F684E25027C9D546004C7A12 /* Debug */ = {
			isa = XCBuildConfiguration;
			baseConfigurationReference = 2FFF24992DF1E76F34825B83 /* Pods-Flixster.debug.xcconfig */;
			buildSettings = {
				ASSETCATALOG_COMPILER_APPICON_NAME = AppIcon;
				ASSETCATALOG_COMPILER_GLOBAL_ACCENT_COLOR_NAME = AccentColor;
				ASSETCATALOG_COMPILER_INCLUDE_ALL_APPICON_ASSETS = NO;
				CODE_SIGN_STYLE = Automatic;
				CURRENT_PROJECT_VERSION = 1;
				DEVELOPMENT_TEAM = W56U667G2H;
				GENERATE_INFOPLIST_FILE = YES;
				INFOPLIST_FILE = flixster/Info.plist;
				INFOPLIST_KEY_UIApplicationSupportsIndirectInputEvents = YES;
				INFOPLIST_KEY_UILaunchStoryboardName = LaunchScreen;
				INFOPLIST_KEY_UIMainStoryboardFile = Main;
				INFOPLIST_KEY_UISupportedInterfaceOrientations_iPad = "UIInterfaceOrientationPortrait UIInterfaceOrientationPortraitUpsideDown UIInterfaceOrientationLandscapeLeft UIInterfaceOrientationLandscapeRight";
				INFOPLIST_KEY_UISupportedInterfaceOrientations_iPhone = "UIInterfaceOrientationPortrait UIInterfaceOrientationLandscapeLeft UIInterfaceOrientationLandscapeRight";
				LD_RUNPATH_SEARCH_PATHS = (
					"$(inherited)",
					"@executable_path/Frameworks",
				);
				MARKETING_VERSION = 1.0;
				PRODUCT_BUNDLE_IDENTIFIER = starwong.flixster;
				PRODUCT_NAME = "$(TARGET_NAME)";
				SWIFT_EMIT_LOC_STRINGS = YES;
				SWIFT_VERSION = 5.0;
				TARGETED_DEVICE_FAMILY = "1,2";
			};
			name = Debug;
		};
		F684E25127C9D546004C7A12 /* Release */ = {
			isa = XCBuildConfiguration;
			baseConfigurationReference = 190955B34742FE8C03199AAD /* Pods-Flixster.release.xcconfig */;
			buildSettings = {
				ASSETCATALOG_COMPILER_APPICON_NAME = AppIcon;
				ASSETCATALOG_COMPILER_GLOBAL_ACCENT_COLOR_NAME = AccentColor;
				ASSETCATALOG_COMPILER_INCLUDE_ALL_APPICON_ASSETS = NO;
				CODE_SIGN_STYLE = Automatic;
				CURRENT_PROJECT_VERSION = 1;
				DEVELOPMENT_TEAM = W56U667G2H;
				GENERATE_INFOPLIST_FILE = YES;
				INFOPLIST_FILE = flixster/Info.plist;
				INFOPLIST_KEY_UIApplicationSupportsIndirectInputEvents = YES;
				INFOPLIST_KEY_UILaunchStoryboardName = LaunchScreen;
				INFOPLIST_KEY_UIMainStoryboardFile = Main;
				INFOPLIST_KEY_UISupportedInterfaceOrientations_iPad = "UIInterfaceOrientationPortrait UIInterfaceOrientationPortraitUpsideDown UIInterfaceOrientationLandscapeLeft UIInterfaceOrientationLandscapeRight";
				INFOPLIST_KEY_UISupportedInterfaceOrientations_iPhone = "UIInterfaceOrientationPortrait UIInterfaceOrientationLandscapeLeft UIInterfaceOrientationLandscapeRight";
				LD_RUNPATH_SEARCH_PATHS = (
					"$(inherited)",
					"@executable_path/Frameworks",
				);
				MARKETING_VERSION = 1.0;
				PRODUCT_BUNDLE_IDENTIFIER = starwong.flixster;
				PRODUCT_NAME = "$(TARGET_NAME)";
				SWIFT_EMIT_LOC_STRINGS = YES;
				SWIFT_VERSION = 5.0;
				TARGETED_DEVICE_FAMILY = "1,2";
			};
			name = Release;
		};
		F684E25327C9D546004C7A12 /* Debug */ = {
			isa = XCBuildConfiguration;
			baseConfigurationReference = DBB6B0EEEAAF156EDE702151 /* Pods-FlixsterTests.debug.xcconfig */;
			buildSettings = {
				ALWAYS_EMBED_SWIFT_STANDARD_LIBRARIES = YES;
				BUNDLE_LOADER = "$(TEST_HOST)";
				CODE_SIGN_STYLE = Automatic;
				CURRENT_PROJECT_VERSION = 1;
				DEVELOPMENT_TEAM = W56U667G2H;
				GENERATE_INFOPLIST_FILE = YES;
				IPHONEOS_DEPLOYMENT_TARGET = 15.2;
				MARKETING_VERSION = 1.0;
				PRODUCT_BUNDLE_IDENTIFIER = starwong.flixsterTests;
				PRODUCT_NAME = "$(TARGET_NAME)";
				SWIFT_EMIT_LOC_STRINGS = NO;
				SWIFT_VERSION = 5.0;
				TARGETED_DEVICE_FAMILY = "1,2";
				TEST_HOST = "$(BUILT_PRODUCTS_DIR)/Flixster.app/Flixster";
			};
			name = Debug;
		};
		F684E25427C9D546004C7A12 /* Release */ = {
			isa = XCBuildConfiguration;
			baseConfigurationReference = E9DF94BEC56E8ABF5D980CC3 /* Pods-FlixsterTests.release.xcconfig */;
			buildSettings = {
				ALWAYS_EMBED_SWIFT_STANDARD_LIBRARIES = YES;
				BUNDLE_LOADER = "$(TEST_HOST)";
				CODE_SIGN_STYLE = Automatic;
				CURRENT_PROJECT_VERSION = 1;
				DEVELOPMENT_TEAM = W56U667G2H;
				GENERATE_INFOPLIST_FILE = YES;
				IPHONEOS_DEPLOYMENT_TARGET = 15.2;
				MARKETING_VERSION = 1.0;
				PRODUCT_BUNDLE_IDENTIFIER = starwong.flixsterTests;
				PRODUCT_NAME = "$(TARGET_NAME)";
				SWIFT_EMIT_LOC_STRINGS = NO;
				SWIFT_VERSION = 5.0;
				TARGETED_DEVICE_FAMILY = "1,2";
				TEST_HOST = "$(BUILT_PRODUCTS_DIR)/Flixster.app/Flixster";
			};
			name = Release;
		};
		F684E25627C9D546004C7A12 /* Debug */ = {
			isa = XCBuildConfiguration;
			baseConfigurationReference = 832E51A5E6B6B062538B9C0D /* Pods-Flixster-FlixsterUITests.debug.xcconfig */;
			buildSettings = {
				ALWAYS_EMBED_SWIFT_STANDARD_LIBRARIES = YES;
				CODE_SIGN_STYLE = Automatic;
				CURRENT_PROJECT_VERSION = 1;
				DEVELOPMENT_TEAM = W56U667G2H;
				GENERATE_INFOPLIST_FILE = YES;
				MARKETING_VERSION = 1.0;
				PRODUCT_BUNDLE_IDENTIFIER = starwong.flixsterUITests;
				PRODUCT_NAME = "$(TARGET_NAME)";
				SWIFT_EMIT_LOC_STRINGS = NO;
				SWIFT_VERSION = 5.0;
				TARGETED_DEVICE_FAMILY = "1,2";
				TEST_TARGET_NAME = flixster;
			};
			name = Debug;
		};
		F684E25727C9D546004C7A12 /* Release */ = {
			isa = XCBuildConfiguration;
			baseConfigurationReference = B718FD23364133B600E57D61 /* Pods-Flixster-FlixsterUITests.release.xcconfig */;
			buildSettings = {
				ALWAYS_EMBED_SWIFT_STANDARD_LIBRARIES = YES;
				CODE_SIGN_STYLE = Automatic;
				CURRENT_PROJECT_VERSION = 1;
				DEVELOPMENT_TEAM = W56U667G2H;
				GENERATE_INFOPLIST_FILE = YES;
				MARKETING_VERSION = 1.0;
				PRODUCT_BUNDLE_IDENTIFIER = starwong.flixsterUITests;
				PRODUCT_NAME = "$(TARGET_NAME)";
				SWIFT_EMIT_LOC_STRINGS = NO;
				SWIFT_VERSION = 5.0;
				TARGETED_DEVICE_FAMILY = "1,2";
				TEST_TARGET_NAME = flixster;
			};
			name = Release;
		};
/* End XCBuildConfiguration section */

/* Begin XCConfigurationList section */
		F684E22027C9D543004C7A12 /* Build configuration list for PBXProject "Flixster" */ = {
			isa = XCConfigurationList;
			buildConfigurations = (
				F684E24D27C9D546004C7A12 /* Debug */,
				F684E24E27C9D546004C7A12 /* Release */,
			);
			defaultConfigurationIsVisible = 0;
			defaultConfigurationName = Release;
		};
		F684E24F27C9D546004C7A12 /* Build configuration list for PBXNativeTarget "Flixster" */ = {
			isa = XCConfigurationList;
			buildConfigurations = (
				F684E25027C9D546004C7A12 /* Debug */,
				F684E25127C9D546004C7A12 /* Release */,
			);
			defaultConfigurationIsVisible = 0;
			defaultConfigurationName = Release;
		};
		F684E25227C9D546004C7A12 /* Build configuration list for PBXNativeTarget "FlixsterTests" */ = {
			isa = XCConfigurationList;
			buildConfigurations = (
				F684E25327C9D546004C7A12 /* Debug */,
				F684E25427C9D546004C7A12 /* Release */,
			);
			defaultConfigurationIsVisible = 0;
			defaultConfigurationName = Release;
		};
		F684E25527C9D546004C7A12 /* Build configuration list for PBXNativeTarget "FlixsterUITests" */ = {
			isa = XCConfigurationList;
			buildConfigurations = (
				F684E25627C9D546004C7A12 /* Debug */,
				F684E25727C9D546004C7A12 /* Release */,
			);
			defaultConfigurationIsVisible = 0;
			defaultConfigurationName = Release;
		};
/* End XCConfigurationList section */

/* Begin XCRemoteSwiftPackageReference section */
		F684E25C27C9EE82004C7A12 /* XCRemoteSwiftPackageReference "AlamofireImage" */ = {
			isa = XCRemoteSwiftPackageReference;
			repositoryURL = "https://github.com/Alamofire/AlamofireImage";
			requirement = {
				kind = upToNextMajorVersion;
				minimumVersion = 4.0.0;
			};
		};
/* End XCRemoteSwiftPackageReference section */

/* Begin XCSwiftPackageProductDependency section */
		F684E25D27C9EE82004C7A12 /* AlamofireImage */ = {
			isa = XCSwiftPackageProductDependency;
			package = F684E25C27C9EE82004C7A12 /* XCRemoteSwiftPackageReference "AlamofireImage" */;
			productName = AlamofireImage;
		};
/* End XCSwiftPackageProductDependency section */
	};
	rootObject = F684E21D27C9D543004C7A12 /* Project object */;
}
